
Microsoft Visual Studio Solution File, Format Version 12.00
# Visual Studio Version 16
VisualStudioVersion = 16.0.29709.97
MinimumVisualStudioVersion = 10.0.40219.1
Project("{9A19103F-16F7-4668-BE54-9A1E7A4F7556}") = "Practica1_030920_CreateStruct", "Practica1_030920_CreateStruct.csproj", "{11A10C21-3E41-44C7-8C2C-EBF3AD1C930B}"
EndProject
Global
	GlobalSection(SolutionConfigurationPlatforms) = preSolution
		Debug|Any CPU = Debug|Any CPU
		Release|Any CPU = Release|Any CPU
	EndGlobalSection
	GlobalSection(ProjectConfigurationPlatforms) = postSolution
		{11A10C21-3E41-44C7-8C2C-EBF3AD1C930B}.Debug|Any CPU.ActiveCfg = Debug|Any CPU
		{11A10C21-3E41-44C7-8C2C-EBF3AD1C930B}.Debug|Any CPU.Build.0 = Debug|Any CPU
		{11A10C21-3E41-44C7-8C2C-EBF3AD1C930B}.Release|Any CPU.ActiveCfg = Release|Any CPU
		{11A10C21-3E41-44C7-8C2C-EBF3AD1C930B}.Release|Any CPU.Build.0 = Release|Any CPU
	EndGlobalSection
	GlobalSection(SolutionProperties) = preSolution
		HideSolutionNode = FALSE
	EndGlobalSection
	GlobalSection(ExtensibilityGlobals) = postSolution
		SolutionGuid = {A71E49DF-1E08-4085-9FA0-13DAE510C600}
	EndGlobalSection
EndGlobal
